
Microsoft Visual Studio Solution File, Format Version 12.00
# Visual Studio Version 17
VisualStudioVersion = 17.8.34330.188
MinimumVisualStudioVersion = 10.0.40219.1
Project("{FAE04EC0-301F-11D3-BF4B-00C04F79EFBC}") = "Decorator_Composite_Bridge", "Decorator_Composite_Bridge\Decorator_Composite_Bridge.csproj", "{4F6C1ED7-E244-48A3-A043-7A953B2E4A0F}"
EndProject
Global
	GlobalSection(SolutionConfigurationPlatforms) = preSolution
		Debug|Any CPU = Debug|Any CPU
		Release|Any CPU = Release|Any CPU
	EndGlobalSection
	GlobalSection(ProjectConfigurationPlatforms) = postSolution
		{4F6C1ED7-E244-48A3-A043-7A953B2E4A0F}.Debug|Any CPU.ActiveCfg = Debug|Any CPU
		{4F6C1ED7-E244-48A3-A043-7A953B2E4A0F}.Debug|Any CPU.Build.0 = Debug|Any CPU
		{4F6C1ED7-E244-48A3-A043-7A953B2E4A0F}.Release|Any CPU.ActiveCfg = Release|Any CPU
		{4F6C1ED7-E244-48A3-A043-7A953B2E4A0F}.Release|Any CPU.Build.0 = Release|Any CPU
	EndGlobalSection
	GlobalSection(SolutionProperties) = preSolution
		HideSolutionNode = FALSE
	EndGlobalSection
	GlobalSection(ExtensibilityGlobals) = postSolution
		SolutionGuid = {7CF99654-E15E-4BF4-8257-245686D0C199}
	EndGlobalSection
EndGlobal
